
Microsoft Visual Studio Solution File, Format Version 12.00
# Visual Studio Version 17
VisualStudioVersion = 17.2.32630.192
MinimumVisualStudioVersion = 10.0.40219.1
Project("{9A19103F-16F7-4668-BE54-9A1E7A4F7556}") = "CompSciProjectFinal", "CompSciProjectFinal\CompSciProjectFinal.csproj", "{0A4ED22F-B132-43E1-9669-50639DB4E256}"
EndProject
Global
	GlobalSection(SolutionConfigurationPlatforms) = preSolution
		Debug|Any CPU = Debug|Any CPU
		Release|Any CPU = Release|Any CPU
	EndGlobalSection
	GlobalSection(ProjectConfigurationPlatforms) = postSolution
		{0A4ED22F-B132-43E1-9669-50639DB4E256}.Debug|Any CPU.ActiveCfg = Debug|Any CPU
		{0A4ED22F-B132-43E1-9669-50639DB4E256}.Debug|Any CPU.Build.0 = Debug|Any CPU
		{0A4ED22F-B132-43E1-9669-50639DB4E256}.Release|Any CPU.ActiveCfg = Release|Any CPU
		{0A4ED22F-B132-43E1-9669-50639DB4E256}.Release|Any CPU.Build.0 = Release|Any CPU
	EndGlobalSection
	GlobalSection(SolutionProperties) = preSolution
		HideSolutionNode = FALSE
	EndGlobalSection
	GlobalSection(ExtensibilityGlobals) = postSolution
		SolutionGuid = {3A072678-B79C-4F60-99AA-8E992D9C6299}
	EndGlobalSection
EndGlobal
